// !$*UTF8*$!
{
	archiveVersion = 1;
	classes = {
	};
	objectVersion = 56;
	objects = {

/* Begin PBXBuildFile section */
		92904DCB2938EF2000858EEC /* iOS7_HW23_Kholodkov_DenisApp.swift in Sources */ = {isa = PBXBuildFile; fileRef = 92904DCA2938EF2000858EEC /* iOS7_HW23_Kholodkov_DenisApp.swift */; };
		92904DCD2938EF2000858EEC /* ContentView.swift in Sources */ = {isa = PBXBuildFile; fileRef = 92904DCC2938EF2000858EEC /* ContentView.swift */; };
		92904DCF2938EF2400858EEC /* Assets.xcassets in Resources */ = {isa = PBXBuildFile; fileRef = 92904DCE2938EF2400858EEC /* Assets.xcassets */; };
		92904DD22938EF2400858EEC /* Preview Assets.xcassets in Resources */ = {isa = PBXBuildFile; fileRef = 92904DD12938EF2400858EEC /* Preview Assets.xcassets */; };
		92B392AD293920600039F687 /* LibraryView.swift in Sources */ = {isa = PBXBuildFile; fileRef = 92B392AC293920600039F687 /* LibraryView.swift */; };
		92B392AF2939239A0039F687 /* SongView.swift in Sources */ = {isa = PBXBuildFile; fileRef = 92B392AE2939239A0039F687 /* SongView.swift */; };
		92B392B1293940660039F687 /* ListMedia.swift in Sources */ = {isa = PBXBuildFile; fileRef = 92B392B0293940660039F687 /* ListMedia.swift */; };
		92B392B3293941530039F687 /* Model.swift in Sources */ = {isa = PBXBuildFile; fileRef = 92B392B2293941530039F687 /* Model.swift */; };
		92B392B5293945850039F687 /* ListRow.swift in Sources */ = {isa = PBXBuildFile; fileRef = 92B392B4293945850039F687 /* ListRow.swift */; };
		92B392B72939EB790039F687 /* Radio.swift in Sources */ = {isa = PBXBuildFile; fileRef = 92B392B62939EB790039F687 /* Radio.swift */; };
		92B392B9293A59810039F687 /* RadioStation.swift in Sources */ = {isa = PBXBuildFile; fileRef = 92B392B8293A59810039F687 /* RadioStation.swift */; };
/* End PBXBuildFile section */

/* Begin PBXFileReference section */
		92904DC72938EF2000858EEC /* iOS7-HW23-Kholodkov Denis.app */ = {isa = PBXFileReference; explicitFileType = wrapper.application; includeInIndex = 0; path = "iOS7-HW23-Kholodkov Denis.app"; sourceTree = BUILT_PRODUCTS_DIR; };
		92904DCA2938EF2000858EEC /* iOS7_HW23_Kholodkov_DenisApp.swift */ = {isa = PBXFileReference; lastKnownFileType = sourcecode.swift; path = iOS7_HW23_Kholodkov_DenisApp.swift; sourceTree = "<group>"; };
		92904DCC2938EF2000858EEC /* ContentView.swift */ = {isa = PBXFileReference; lastKnownFileType = sourcecode.swift; path = ContentView.swift; sourceTree = "<group>"; };
		92904DCE2938EF2400858EEC /* Assets.xcassets */ = {isa = PBXFileReference; lastKnownFileType = folder.assetcatalog; path = Assets.xcassets; sourceTree = "<group>"; };
		92904DD12938EF2400858EEC /* Preview Assets.xcassets */ = {isa = PBXFileReference; lastKnownFileType = folder.assetcatalog; path = "Preview Assets.xcassets"; sourceTree = "<group>"; };
		92B392AC293920600039F687 /* LibraryView.swift */ = {isa = PBXFileReference; lastKnownFileType = sourcecode.swift; path = LibraryView.swift; sourceTree = "<group>"; };
		92B392AE2939239A0039F687 /* SongView.swift */ = {isa = PBXFileReference; lastKnownFileType = sourcecode.swift; path = SongView.swift; sourceTree = "<group>"; };
		92B392B0293940660039F687 /* ListMedia.swift */ = {isa = PBXFileReference; lastKnownFileType = sourcecode.swift; path = ListMedia.swift; sourceTree = "<group>"; };
		92B392B2293941530039F687 /* Model.swift */ = {isa = PBXFileReference; lastKnownFileType = sourcecode.swift; path = Model.swift; sourceTree = "<group>"; };
		92B392B4293945850039F687 /* ListRow.swift */ = {isa = PBXFileReference; lastKnownFileType = sourcecode.swift; path = ListRow.swift; sourceTree = "<group>"; };
		92B392B62939EB790039F687 /* Radio.swift */ = {isa = PBXFileReference; lastKnownFileType = sourcecode.swift; path = Radio.swift; sourceTree = "<group>"; };
		92B392B8293A59810039F687 /* RadioStation.swift */ = {isa = PBXFileReference; lastKnownFileType = sourcecode.swift; path = RadioStation.swift; sourceTree = "<group>"; };
/* End PBXFileReference section */

/* Begin PBXFrameworksBuildPhase section */
		92904DC42938EF2000858EEC /* Frameworks */ = {
			isa = PBXFrameworksBuildPhase;
			buildActionMask = 2147483647;
			files = (
			);
			runOnlyForDeploymentPostprocessing = 0;
		};
/* End PBXFrameworksBuildPhase section */

/* Begin PBXGroup section */
		92904DBE2938EF2000858EEC = {
			isa = PBXGroup;
			children = (
				92904DC92938EF2000858EEC /* iOS7-HW23-Kholodkov Denis */,
				92904DC82938EF2000858EEC /* Products */,
			);
			sourceTree = "<group>";
		};
		92904DC82938EF2000858EEC /* Products */ = {
			isa = PBXGroup;
			children = (
				92904DC72938EF2000858EEC /* iOS7-HW23-Kholodkov Denis.app */,
			);
			name = Products;
			sourceTree = "<group>";
		};
		92904DC92938EF2000858EEC /* iOS7-HW23-Kholodkov Denis */ = {
			isa = PBXGroup;
			children = (
				92B392A4293910830039F687 /* Sources */,
				92B392A6293911E50039F687 /* Resources */,
			);
			path = "iOS7-HW23-Kholodkov Denis";
			sourceTree = "<group>";
		};
		92904DD02938EF2400858EEC /* Preview Content */ = {
			isa = PBXGroup;
			children = (
				92904DD12938EF2400858EEC /* Preview Assets.xcassets */,
			);
			path = "Preview Content";
			sourceTree = "<group>";
		};
		92B392A4293910830039F687 /* Sources */ = {
			isa = PBXGroup;
			children = (
				92B392A5293910DA0039F687 /* App */,
				92B392AA2939200A0039F687 /* ListView */,
				92B392A929391FF70039F687 /* LibraryView */,
				92B392A829391FD10039F687 /* Model */,
				92B392A7293913CA0039F687 /* Screens */,
				92B392AB293920290039F687 /* SongView */,
			);
			path = Sources;
			sourceTree = "<group>";
		};
		92B392A5293910DA0039F687 /* App */ = {
			isa = PBXGroup;
			children = (
				92904DCA2938EF2000858EEC /* iOS7_HW23_Kholodkov_DenisApp.swift */,
			);
			path = App;
			sourceTree = "<group>";
		};
		92B392A6293911E50039F687 /* Resources */ = {
			isa = PBXGroup;
			children = (
				92904DCE2938EF2400858EEC /* Assets.xcassets */,
				92904DD02938EF2400858EEC /* Preview Content */,
			);
			path = Resources;
			sourceTree = "<group>";
		};
		92B392A7293913CA0039F687 /* Screens */ = {
			isa = PBXGroup;
			children = (
				92904DCC2938EF2000858EEC /* ContentView.swift */,
				92B392B62939EB790039F687 /* Radio.swift */,
				92B392B8293A59810039F687 /* RadioStation.swift */,
			);
			path = Screens;
			sourceTree = "<group>";
		};
		92B392A829391FD10039F687 /* Model */ = {
			isa = PBXGroup;
			children = (
				92B392B2293941530039F687 /* Model.swift */,
			);
			path = Model;
			sourceTree = "<group>";
		};
		92B392A929391FF70039F687 /* LibraryView */ = {
			isa = PBXGroup;
			children = (
				92B392AC293920600039F687 /* LibraryView.swift */,
			);
			path = LibraryView;
			sourceTree = "<group>";
		};
		92B392AA2939200A0039F687 /* ListView */ = {
			isa = PBXGroup;
			children = (
				92B392B0293940660039F687 /* ListMedia.swift */,
				92B392B4293945850039F687 /* ListRow.swift */,
			);
			path = ListView;
			sourceTree = "<group>";
		};
		92B392AB293920290039F687 /* SongView */ = {
			isa = PBXGroup;
			children = (
				92B392AE2939239A0039F687 /* SongView.swift */,
			);
			path = SongView;
			sourceTree = "<group>";
		};
/* End PBXGroup section */

/* Begin PBXNativeTarget section */
		92904DC62938EF2000858EEC /* iOS7-HW23-Kholodkov Denis */ = {
			isa = PBXNativeTarget;
			buildConfigurationList = 92904DD52938EF2400858EEC /* Build configuration list for PBXNativeTarget "iOS7-HW23-Kholodkov Denis" */;
			buildPhases = (
				92904DC32938EF2000858EEC /* Sources */,
				92904DC42938EF2000858EEC /* Frameworks */,
				92904DC52938EF2000858EEC /* Resources */,
			);
			buildRules = (
			);
			dependencies = (
			);
			name = "iOS7-HW23-Kholodkov Denis";
			productName = "iOS7-HW23-Kholodkov Denis";
			productReference = 92904DC72938EF2000858EEC /* iOS7-HW23-Kholodkov Denis.app */;
			productType = "com.apple.product-type.application";
		};
/* End PBXNativeTarget section */

/* Begin PBXProject section */
		92904DBF2938EF2000858EEC /* Project object */ = {
			isa = PBXProject;
			attributes = {
				BuildIndependentTargetsInParallel = 1;
				LastSwiftUpdateCheck = 1410;
				LastUpgradeCheck = 1410;
				TargetAttributes = {
					92904DC62938EF2000858EEC = {
						CreatedOnToolsVersion = 14.1;
					};
				};
			};
			buildConfigurationList = 92904DC22938EF2000858EEC /* Build configuration list for PBXProject "iOS7-HW23-Kholodkov Denis" */;
			compatibilityVersion = "Xcode 14.0";
			developmentRegion = en;
			hasScannedForEncodings = 0;
			knownRegions = (
				en,
				Base,
			);
			mainGroup = 92904DBE2938EF2000858EEC;
			productRefGroup = 92904DC82938EF2000858EEC /* Products */;
			projectDirPath = "";
			projectRoot = "";
			targets = (
				92904DC62938EF2000858EEC /* iOS7-HW23-Kholodkov Denis */,
			);
		};
/* End PBXProject section */

/* Begin PBXResourcesBuildPhase section */
		92904DC52938EF2000858EEC /* Resources */ = {
			isa = PBXResourcesBuildPhase;
			buildActionMask = 2147483647;
			files = (
				92904DD22938EF2400858EEC /* Preview Assets.xcassets in Resources */,
				92904DCF2938EF2400858EEC /* Assets.xcassets in Resources */,
			);
			runOnlyForDeploymentPostprocessing = 0;
		};
/* End PBXResourcesBuildPhase section */

/* Begin PBXSourcesBuildPhase section */
		92904DC32938EF2000858EEC /* Sources */ = {
			isa = PBXSourcesBuildPhase;
			buildActionMask = 2147483647;
			files = (
				92904DCD2938EF2000858EEC /* ContentView.swift in Sources */,
				92B392AD293920600039F687 /* LibraryView.swift in Sources */,
				92B392B9293A59810039F687 /* RadioStation.swift in Sources */,
				92904DCB2938EF2000858EEC /* iOS7_HW23_Kholodkov_DenisApp.swift in Sources */,
				92B392B3293941530039F687 /* Model.swift in Sources */,
				92B392AF2939239A0039F687 /* SongView.swift in Sources */,
				92B392B72939EB790039F687 /* Radio.swift in Sources */,
				92B392B5293945850039F687 /* ListRow.swift in Sources */,
				92B392B1293940660039F687 /* ListMedia.swift in Sources */,
			);
			runOnlyForDeploymentPostprocessing = 0;
		};
/* End PBXSourcesBuildPhase section */

/* Begin XCBuildConfiguration section */
		92904DD32938EF2400858EEC /* Debug */ = {
			isa = XCBuildConfiguration;
			buildSettings = {
				ALWAYS_SEARCH_USER_PATHS = NO;
				CLANG_ANALYZER_NONNULL = YES;
				CLANG_ANALYZER_NUMBER_OBJECT_CONVERSION = YES_AGGRESSIVE;
				CLANG_CXX_LANGUAGE_STANDARD = "gnu++20";
				CLANG_ENABLE_MODULES = YES;
				CLANG_ENABLE_OBJC_ARC = YES;
				CLANG_ENABLE_OBJC_WEAK = YES;
				CLANG_WARN_BLOCK_CAPTURE_AUTORELEASING = YES;
				CLANG_WARN_BOOL_CONVERSION = YES;
				CLANG_WARN_COMMA = YES;
				CLANG_WARN_CONSTANT_CONVERSION = YES;
				CLANG_WARN_DEPRECATED_OBJC_IMPLEMENTATIONS = YES;
				CLANG_WARN_DIRECT_OBJC_ISA_USAGE = YES_ERROR;
				CLANG_WARN_DOCUMENTATION_COMMENTS = YES;
				CLANG_WARN_EMPTY_BODY = YES;
				CLANG_WARN_ENUM_CONVERSION = YES;
				CLANG_WARN_INFINITE_RECURSION = YES;
				CLANG_WARN_INT_CONVERSION = YES;
				CLANG_WARN_NON_LITERAL_NULL_CONVERSION = YES;
				CLANG_WARN_OBJC_IMPLICIT_RETAIN_SELF = YES;
				CLANG_WARN_OBJC_LITERAL_CONVERSION = YES;
				CLANG_WARN_OBJC_ROOT_CLASS = YES_ERROR;
				CLANG_WARN_QUOTED_INCLUDE_IN_FRAMEWORK_HEADER = YES;
				CLANG_WARN_RANGE_LOOP_ANALYSIS = YES;
				CLANG_WARN_STRICT_PROTOTYPES = YES;
				CLANG_WARN_SUSPICIOUS_MOVE = YES;
				CLANG_WARN_UNGUARDED_AVAILABILITY = YES_AGGRESSIVE;
				CLANG_WARN_UNREACHABLE_CODE = YES;
				CLANG_WARN__DUPLICATE_METHOD_MATCH = YES;
				COPY_PHASE_STRIP = NO;
				DEBUG_INFORMATION_FORMAT = dwarf;
				ENABLE_STRICT_OBJC_MSGSEND = YES;
				ENABLE_TESTABILITY = YES;
				GCC_C_LANGUAGE_STANDARD = gnu11;
				GCC_DYNAMIC_NO_PIC = NO;
				GCC_NO_COMMON_BLOCKS = YES;
				GCC_OPTIMIZATION_LEVEL = 0;
				GCC_PREPROCESSOR_DEFINITIONS = (
					"DEBUG=1",
					"$(inherited)",
				);
				GCC_WARN_64_TO_32_BIT_CONVERSION = YES;
				GCC_WARN_ABOUT_RETURN_TYPE = YES_ERROR;
				GCC_WARN_UNDECLARED_SELECTOR = YES;
				GCC_WARN_UNINITIALIZED_AUTOS = YES_AGGRESSIVE;
				GCC_WARN_UNUSED_FUNCTION = YES;
				GCC_WARN_UNUSED_VARIABLE = YES;
				IPHONEOS_DEPLOYMENT_TARGET = 16.1;
				MTL_ENABLE_DEBUG_INFO = INCLUDE_SOURCE;
				MTL_FAST_MATH = YES;
				ONLY_ACTIVE_ARCH = YES;
				SDKROOT = iphoneos;
				SWIFT_ACTIVE_COMPILATION_CONDITIONS = DEBUG;
				SWIFT_OPTIMIZATION_LEVEL = "-Onone";
			};
			name = Debug;
		};
		92904DD42938EF2400858EEC /* Release */ = {
			isa = XCBuildConfiguration;
			buildSettings = {
				ALWAYS_SEARCH_USER_PATHS = NO;
				CLANG_ANALYZER_NONNULL = YES;
				CLANG_ANALYZER_NUMBER_OBJECT_CONVERSION = YES_AGGRESSIVE;
				CLANG_CXX_LANGUAGE_STANDARD = "gnu++20";
				CLANG_ENABLE_MODULES = YES;
				CLANG_ENABLE_OBJC_ARC = YES;
				CLANG_ENABLE_OBJC_WEAK = YES;
				CLANG_WARN_BLOCK_CAPTURE_AUTORELEASING = YES;
				CLANG_WARN_BOOL_CONVERSION = YES;
				CLANG_WARN_COMMA = YES;
				CLANG_WARN_CONSTANT_CONVERSION = YES;
				CLANG_WARN_DEPRECATED_OBJC_IMPLEMENTATIONS = YES;
				CLANG_WARN_DIRECT_OBJC_ISA_USAGE = YES_ERROR;
				CLANG_WARN_DOCUMENTATION_COMMENTS = YES;
				CLANG_WARN_EMPTY_BODY = YES;
				CLANG_WARN_ENUM_CONVERSION = YES;
				CLANG_WARN_INFINITE_RECURSION = YES;
				CLANG_WARN_INT_CONVERSION = YES;
				CLANG_WARN_NON_LITERAL_NULL_CONVERSION = YES;
				CLANG_WARN_OBJC_IMPLICIT_RETAIN_SELF = YES;
				CLANG_WARN_OBJC_LITERAL_CONVERSION = YES;
				CLANG_WARN_OBJC_ROOT_CLASS = YES_ERROR;
				CLANG_WARN_QUOTED_INCLUDE_IN_FRAMEWORK_HEADER = YES;
				CLANG_WARN_RANGE_LOOP_ANALYSIS = YES;
				CLANG_WARN_STRICT_PROTOTYPES = YES;
				CLANG_WARN_SUSPICIOUS_MOVE = YES;
				CLANG_WARN_UNGUARDED_AVAILABILITY = YES_AGGRESSIVE;
				CLANG_WARN_UNREACHABLE_CODE = YES;
				CLANG_WARN__DUPLICATE_METHOD_MATCH = YES;
				COPY_PHASE_STRIP = NO;
				DEBUG_INFORMATION_FORMAT = "dwarf-with-dsym";
				ENABLE_NS_ASSERTIONS = NO;
				ENABLE_STRICT_OBJC_MSGSEND = YES;
				GCC_C_LANGUAGE_STANDARD = gnu11;
				GCC_NO_COMMON_BLOCKS = YES;
				GCC_WARN_64_TO_32_BIT_CONVERSION = YES;
				GCC_WARN_ABOUT_RETURN_TYPE = YES_ERROR;
				GCC_WARN_UNDECLARED_SELECTOR = YES;
				GCC_WARN_UNINITIALIZED_AUTOS = YES_AGGRESSIVE;
				GCC_WARN_UNUSED_FUNCTION = YES;
				GCC_WARN_UNUSED_VARIABLE = YES;
				IPHONEOS_DEPLOYMENT_TARGET = 16.1;
				MTL_ENABLE_DEBUG_INFO = NO;
				MTL_FAST_MATH = YES;
				SDKROOT = iphoneos;
				SWIFT_COMPILATION_MODE = wholemodule;
				SWIFT_OPTIMIZATION_LEVEL = "-O";
				VALIDATE_PRODUCT = YES;
			};
			name = Release;
		};
		92904DD62938EF2400858EEC /* Debug */ = {
			isa = XCBuildConfiguration;
			buildSettings = {
				ASSETCATALOG_COMPILER_APPICON_NAME = AppIcon;
				ASSETCATALOG_COMPILER_GLOBAL_ACCENT_COLOR_NAME = AccentColor;
				CODE_SIGN_STYLE = Automatic;
				CURRENT_PROJECT_VERSION = 1;
				DEVELOPMENT_ASSET_PATHS = "\"iOS7-HW23-Kholodkov Denis/Resources/Preview Content\"";
				DEVELOPMENT_TEAM = 3L65F6AAP4;
				ENABLE_PREVIEWS = YES;
				GENERATE_INFOPLIST_FILE = YES;
				INFOPLIST_KEY_UIApplicationSceneManifest_Generation = YES;
				INFOPLIST_KEY_UIApplicationSupportsIndirectInputEvents = YES;
				INFOPLIST_KEY_UILaunchScreen_Generation = YES;
				INFOPLIST_KEY_UISupportedInterfaceOrientations_iPad = "UIInterfaceOrientationPortrait UIInterfaceOrientationPortraitUpsideDown UIInterfaceOrientationLandscapeLeft UIInterfaceOrientationLandscapeRight";
				INFOPLIST_KEY_UISupportedInterfaceOrientations_iPhone = "UIInterfaceOrientationPortrait UIInterfaceOrientationLandscapeLeft UIInterfaceOrientationLandscapeRight";
				LD_RUNPATH_SEARCH_PATHS = (
					"$(inherited)",
					"@executable_path/Frameworks",
				);
				MARKETING_VERSION = 1.0;
				PRODUCT_BUNDLE_IDENTIFIER = "com.denis.iOS7-HW23-Kholodkov-Denis";
				PRODUCT_NAME = "$(TARGET_NAME)";
				SWIFT_EMIT_LOC_STRINGS = YES;
				SWIFT_VERSION = 5.0;
				TARGETED_DEVICE_FAMILY = "1,2";
			};
			name = Debug;
		};
		92904DD72938EF2400858EEC /* Release */ = {
			isa = XCBuildConfiguration;
			buildSettings = {
				ASSETCATALOG_COMPILER_APPICON_NAME = AppIcon;
				ASSETCATALOG_COMPILER_GLOBAL_ACCENT_COLOR_NAME = AccentColor;
				CODE_SIGN_STYLE = Automatic;
				CURRENT_PROJECT_VERSION = 1;
				DEVELOPMENT_ASSET_PATHS = "\"iOS7-HW23-Kholodkov Denis/Resources/Preview Content\"";
				DEVELOPMENT_TEAM = 3L65F6AAP4;
				ENABLE_PREVIEWS = YES;
				GENERATE_INFOPLIST_FILE = YES;
				INFOPLIST_KEY_UIApplicationSceneManifest_Generation = YES;
				INFOPLIST_KEY_UIApplicationSupportsIndirectInputEvents = YES;
				INFOPLIST_KEY_UILaunchScreen_Generation = YES;
				INFOPLIST_KEY_UISupportedInterfaceOrientations_iPad = "UIInterfaceOrientationPortrait UIInterfaceOrientationPortraitUpsideDown UIInterfaceOrientationLandscapeLeft UIInterfaceOrientationLandscapeRight";
				INFOPLIST_KEY_UISupportedInterfaceOrientations_iPhone = "UIInterfaceOrientationPortrait UIInterfaceOrientationLandscapeLeft UIInterfaceOrientationLandscapeRight";
				LD_RUNPATH_SEARCH_PATHS = (
					"$(inherited)",
					"@executable_path/Frameworks",
				);
				MARKETING_VERSION = 1.0;
				PRODUCT_BUNDLE_IDENTIFIER = "com.denis.iOS7-HW23-Kholodkov-Denis";
				PRODUCT_NAME = "$(TARGET_NAME)";
				SWIFT_EMIT_LOC_STRINGS = YES;
				SWIFT_VERSION = 5.0;
				TARGETED_DEVICE_FAMILY = "1,2";
			};
			name = Release;
		};
/* End XCBuildConfiguration section */

/* Begin XCConfigurationList section */
		92904DC22938EF2000858EEC /* Build configuration list for PBXProject "iOS7-HW23-Kholodkov Denis" */ = {
			isa = XCConfigurationList;
			buildConfigurations = (
				92904DD32938EF2400858EEC /* Debug */,
				92904DD42938EF2400858EEC /* Release */,
			);
			defaultConfigurationIsVisible = 0;
			defaultConfigurationName = Release;
		};
		92904DD52938EF2400858EEC /* Build configuration list for PBXNativeTarget "iOS7-HW23-Kholodkov Denis" */ = {
			isa = XCConfigurationList;
			buildConfigurations = (
				92904DD62938EF2400858EEC /* Debug */,
				92904DD72938EF2400858EEC /* Release */,
			);
			defaultConfigurationIsVisible = 0;
			defaultConfigurationName = Release;
		};
/* End XCConfigurationList section */
	};
	rootObject = 92904DBF2938EF2000858EEC /* Project object */;
}
